
Microsoft Visual Studio Solution File, Format Version 12.00
# Visual Studio Version 17
VisualStudioVersion = 17.7.34031.279
MinimumVisualStudioVersion = 10.0.40219.1
Project("{FAE04EC0-301F-11D3-BF4B-00C04F79EFBC}") = "Week14OOP", "Week14OOP\Week14OOP.csproj", "{2791B882-DF85-44A5-80D9-FE6BDBE9450A}"
EndProject
Global
	GlobalSection(SolutionConfigurationPlatforms) = preSolution
		Debug|Any CPU = Debug|Any CPU
		Release|Any CPU = Release|Any CPU
	EndGlobalSection
	GlobalSection(ProjectConfigurationPlatforms) = postSolution
		{2791B882-DF85-44A5-80D9-FE6BDBE9450A}.Debug|Any CPU.ActiveCfg = Debug|Any CPU
		{2791B882-DF85-44A5-80D9-FE6BDBE9450A}.Debug|Any CPU.Build.0 = Debug|Any CPU
		{2791B882-DF85-44A5-80D9-FE6BDBE9450A}.Release|Any CPU.ActiveCfg = Release|Any CPU
		{2791B882-DF85-44A5-80D9-FE6BDBE9450A}.Release|Any CPU.Build.0 = Release|Any CPU
	EndGlobalSection
	GlobalSection(SolutionProperties) = preSolution
		HideSolutionNode = FALSE
	EndGlobalSection
	GlobalSection(ExtensibilityGlobals) = postSolution
		SolutionGuid = {235EE9F1-44CF-424F-8842-4B294B015C99}
	EndGlobalSection
EndGlobal
